{
  "name": "frontend",
  "lockfileVersion": 3,
  "requires": true,
  "packages": {
    "": {
      "dependencies": {
        "Market-Mart-store": "file:.."
      }
    },
    "..": {
      "name": "Market-Mart-store",
      "version": "1.0.0",
      "license": "ISC",
      "dependencies": {
        "bcryptjs": "^2.4.3",
        "cloudinary": "^2.4.0",
        "cookie-parser": "^1.4.6",
        "cors": "^2.8.5",
        "dotenv": "^16.4.5",
        "express": "^4.19.2",
        "ioredis": "^5.4.1",
        "jsonwebtoken": "^9.0.2",
        "mongoose": "^8.5.3",
        "redis": "^4.7.0",
        "stripe": "^16.8.0"
      },
      "devDependencies": {
        "nodemon": "^3.1.4"
      }
    },
    "node_modules/Market-Mart-store": {
      "resolved": "..",
      "link": true
    }
  }
}
